// !$*UTF8*$!
{
	archiveVersion = 1;
	classes = {
	};
	objectVersion = 52;
	objects = {

/* Begin PBXBuildFile section */
		7923E3AC25BA0B6E00A1CE40 /* Playground.swift in Sources */ = {isa = PBXBuildFile; fileRef = 7923E3AB25BA0B6E00A1CE40 /* Playground.swift */; };
		799CE09025B62C5A00B19853 /* Introspect+NSWindow.swift in Sources */ = {isa = PBXBuildFile; fileRef = 799CE08F25B62C5A00B19853 /* Introspect+NSWindow.swift */; };
		799CE09825B64F6400B19853 /* VanGogh.mlmodel in Sources */ = {isa = PBXBuildFile; fileRef = 799CE09725B64F6400B19853 /* VanGogh.mlmodel */; };
		799CE09D25B65A3600B19853 /* CVPixelBuffer+Helpers.swift in Sources */ = {isa = PBXBuildFile; fileRef = 799CE09C25B65A3600B19853 /* CVPixelBuffer+Helpers.swift */; };
		799CE0A225B672A900B19853 /* Binding+Mock.swift in Sources */ = {isa = PBXBuildFile; fileRef = 799CE0A125B672A900B19853 /* Binding+Mock.swift */; };
		79AD0C0625B46F0B00CB83C1 /* CombineExt in Frameworks */ = {isa = PBXBuildFile; productRef = 79AD0C0525B46F0B00CB83C1 /* CombineExt */; };
		79AD0C0B25B46F6E00CB83C1 /* Reference.swift in Sources */ = {isa = PBXBuildFile; fileRef = 79AD0C0A25B46F6E00CB83C1 /* Reference.swift */; };
		79AD0C1125B474F600CB83C1 /* Introspect in Frameworks */ = {isa = PBXBuildFile; productRef = 79AD0C1025B474F600CB83C1 /* Introspect */; };
		79E6DDC525B44DE600B333DA /* BigBrotherApp.swift in Sources */ = {isa = PBXBuildFile; fileRef = 79E6DDC425B44DE600B333DA /* BigBrotherApp.swift */; };
		79E6DDC725B44DE600B333DA /* ScreenRecorderView.swift in Sources */ = {isa = PBXBuildFile; fileRef = 79E6DDC625B44DE600B333DA /* ScreenRecorderView.swift */; };
		79E6DDC925B44DE800B333DA /* Assets.xcassets in Resources */ = {isa = PBXBuildFile; fileRef = 79E6DDC825B44DE800B333DA /* Assets.xcassets */; };
		79E6DDCC25B44DE800B333DA /* Preview Assets.xcassets in Resources */ = {isa = PBXBuildFile; fileRef = 79E6DDCB25B44DE800B333DA /* Preview Assets.xcassets */; };
		79E6DDD825B44DE900B333DA /* BigBrotherTests.swift in Sources */ = {isa = PBXBuildFile; fileRef = 79E6DDD725B44DE900B333DA /* BigBrotherTests.swift */; };
		79E6DDE325B44DE900B333DA /* BigBrotherUITests.swift in Sources */ = {isa = PBXBuildFile; fileRef = 79E6DDE225B44DE900B333DA /* BigBrotherUITests.swift */; };
		79E6DDFD25B4674C00B333DA /* SImpleError.swift in Sources */ = {isa = PBXBuildFile; fileRef = 79E6DDF525B4674900B333DA /* SImpleError.swift */; };
		79E6DDFE25B4674C00B333DA /* Unit.swift in Sources */ = {isa = PBXBuildFile; fileRef = 79E6DDF625B4674A00B333DA /* Unit.swift */; };
		79E6DDFF25B4674C00B333DA /* FP.swift in Sources */ = {isa = PBXBuildFile; fileRef = 79E6DDF725B4674A00B333DA /* FP.swift */; };
		79E6DE0025B4674C00B333DA /* FoundationExtensions.swift in Sources */ = {isa = PBXBuildFile; fileRef = 79E6DDF825B4674A00B333DA /* FoundationExtensions.swift */; };
		79E6DE0125B4674C00B333DA /* StdLibExtensions.swift in Sources */ = {isa = PBXBuildFile; fileRef = 79E6DDF925B4674B00B333DA /* StdLibExtensions.swift */; };
		79E6DE0225B4674C00B333DA /* CombineExtensions.swift in Sources */ = {isa = PBXBuildFile; fileRef = 79E6DDFA25B4674B00B333DA /* CombineExtensions.swift */; };
		79E6DE0325B4674C00B333DA /* Throw.swift in Sources */ = {isa = PBXBuildFile; fileRef = 79E6DDFB25B4674B00B333DA /* Throw.swift */; };
		79E6DE0425B4674C00B333DA /* URL+DocumentsDirectory.swift in Sources */ = {isa = PBXBuildFile; fileRef = 79E6DDFC25B4674C00B333DA /* URL+DocumentsDirectory.swift */; };
		79E6DE0925B4678100B333DA /* SwiftUI+DevTools.swift in Sources */ = {isa = PBXBuildFile; fileRef = 79E6DE0825B4678100B333DA /* SwiftUI+DevTools.swift */; };
		79E6DE0F25B467AA00B333DA /* Environment+SubscriptByKey.swift in Sources */ = {isa = PBXBuildFile; fileRef = 79E6DE0D25B467AA00B333DA /* Environment+SubscriptByKey.swift */; };
		79E6DE1025B467AA00B333DA /* OnFirstAppear.swift in Sources */ = {isa = PBXBuildFile; fileRef = 79E6DE0E25B467AA00B333DA /* OnFirstAppear.swift */; };
		79E6DE1725B4681A00B333DA /* ScreenRecorder.swift in Sources */ = {isa = PBXBuildFile; fileRef = 79E6DE1625B4681A00B333DA /* ScreenRecorder.swift */; };
		79F5A13C25BDBC3C00666008 /* CocoaExtensions.swift in Sources */ = {isa = PBXBuildFile; fileRef = 79F5A13B25BDBC3C00666008 /* CocoaExtensions.swift */; };
		79F5A14225BDBCA300666008 /* WindowInfo.swift in Sources */ = {isa = PBXBuildFile; fileRef = 79F5A14125BDBCA300666008 /* WindowInfo.swift */; };
/* End PBXBuildFile section */

/* Begin PBXContainerItemProxy section */
		79E6DDD425B44DE900B333DA /* PBXContainerItemProxy */ = {
			isa = PBXContainerItemProxy;
			containerPortal = 79E6DDB925B44DE600B333DA /* Project object */;
			proxyType = 1;
			remoteGlobalIDString = 79E6DDC025B44DE600B333DA;
			remoteInfo = BigBrother;
		};
		79E6DDDF25B44DE900B333DA /* PBXContainerItemProxy */ = {
			isa = PBXContainerItemProxy;
			containerPortal = 79E6DDB925B44DE600B333DA /* Project object */;
			proxyType = 1;
			remoteGlobalIDString = 79E6DDC025B44DE600B333DA;
			remoteInfo = BigBrother;
		};
/* End PBXContainerItemProxy section */

/* Begin PBXFileReference section */
		7923E3AB25BA0B6E00A1CE40 /* Playground.swift */ = {isa = PBXFileReference; lastKnownFileType = sourcecode.swift; path = Playground.swift; sourceTree = "<group>"; };
		799CE08F25B62C5A00B19853 /* Introspect+NSWindow.swift */ = {isa = PBXFileReference; lastKnownFileType = sourcecode.swift; path = "Introspect+NSWindow.swift"; sourceTree = "<group>"; };
		799CE09725B64F6400B19853 /* VanGogh.mlmodel */ = {isa = PBXFileReference; lastKnownFileType = file.mlmodel; path = VanGogh.mlmodel; sourceTree = "<group>"; };
		799CE09C25B65A3600B19853 /* CVPixelBuffer+Helpers.swift */ = {isa = PBXFileReference; fileEncoding = 4; lastKnownFileType = sourcecode.swift; path = "CVPixelBuffer+Helpers.swift"; sourceTree = "<group>"; };
		799CE0A125B672A900B19853 /* Binding+Mock.swift */ = {isa = PBXFileReference; lastKnownFileType = sourcecode.swift; path = "Binding+Mock.swift"; sourceTree = "<group>"; };
		79AD0C0A25B46F6E00CB83C1 /* Reference.swift */ = {isa = PBXFileReference; lastKnownFileType = sourcecode.swift; path = Reference.swift; sourceTree = "<group>"; };
		79E6DDC125B44DE600B333DA /* BigBrother.app */ = {isa = PBXFileReference; explicitFileType = wrapper.application; includeInIndex = 0; path = BigBrother.app; sourceTree = BUILT_PRODUCTS_DIR; };
		79E6DDC425B44DE600B333DA /* BigBrotherApp.swift */ = {isa = PBXFileReference; lastKnownFileType = sourcecode.swift; path = BigBrotherApp.swift; sourceTree = "<group>"; };
		79E6DDC625B44DE600B333DA /* ScreenRecorderView.swift */ = {isa = PBXFileReference; lastKnownFileType = sourcecode.swift; path = ScreenRecorderView.swift; sourceTree = "<group>"; };
		79E6DDC825B44DE800B333DA /* Assets.xcassets */ = {isa = PBXFileReference; lastKnownFileType = folder.assetcatalog; path = Assets.xcassets; sourceTree = "<group>"; };
		79E6DDCB25B44DE800B333DA /* Preview Assets.xcassets */ = {isa = PBXFileReference; lastKnownFileType = folder.assetcatalog; path = "Preview Assets.xcassets"; sourceTree = "<group>"; };
		79E6DDCD25B44DE800B333DA /* Info.plist */ = {isa = PBXFileReference; lastKnownFileType = text.plist.xml; path = Info.plist; sourceTree = "<group>"; };
		79E6DDCE25B44DE800B333DA /* BigBrother.entitlements */ = {isa = PBXFileReference; lastKnownFileType = text.plist.entitlements; path = BigBrother.entitlements; sourceTree = "<group>"; };
		79E6DDD325B44DE900B333DA /* BigBrotherTests.xctest */ = {isa = PBXFileReference; explicitFileType = wrapper.cfbundle; includeInIndex = 0; path = BigBrotherTests.xctest; sourceTree = BUILT_PRODUCTS_DIR; };
		79E6DDD725B44DE900B333DA /* BigBrotherTests.swift */ = {isa = PBXFileReference; lastKnownFileType = sourcecode.swift; path = BigBrotherTests.swift; sourceTree = "<group>"; };
		79E6DDD925B44DE900B333DA /* Info.plist */ = {isa = PBXFileReference; lastKnownFileType = text.plist.xml; path = Info.plist; sourceTree = "<group>"; };
		79E6DDDE25B44DE900B333DA /* BigBrotherUITests.xctest */ = {isa = PBXFileReference; explicitFileType = wrapper.cfbundle; includeInIndex = 0; path = BigBrotherUITests.xctest; sourceTree = BUILT_PRODUCTS_DIR; };
		79E6DDE225B44DE900B333DA /* BigBrotherUITests.swift */ = {isa = PBXFileReference; lastKnownFileType = sourcecode.swift; path = BigBrotherUITests.swift; sourceTree = "<group>"; };
		79E6DDE425B44DE900B333DA /* Info.plist */ = {isa = PBXFileReference; lastKnownFileType = text.plist.xml; path = Info.plist; sourceTree = "<group>"; };
		79E6DDF325B44E9F00B333DA /* README.md */ = {isa = PBXFileReference; lastKnownFileType = net.daringfireball.markdown; path = README.md; sourceTree = "<group>"; };
		79E6DDF525B4674900B333DA /* SImpleError.swift */ = {isa = PBXFileReference; fileEncoding = 4; lastKnownFileType = sourcecode.swift; path = SImpleError.swift; sourceTree = "<group>"; };
		79E6DDF625B4674A00B333DA /* Unit.swift */ = {isa = PBXFileReference; fileEncoding = 4; lastKnownFileType = sourcecode.swift; path = Unit.swift; sourceTree = "<group>"; };
		79E6DDF725B4674A00B333DA /* FP.swift */ = {isa = PBXFileReference; fileEncoding = 4; lastKnownFileType = sourcecode.swift; path = FP.swift; sourceTree = "<group>"; };
		79E6DDF825B4674A00B333DA /* FoundationExtensions.swift */ = {isa = PBXFileReference; fileEncoding = 4; lastKnownFileType = sourcecode.swift; path = FoundationExtensions.swift; sourceTree = "<group>"; };
		79E6DDF925B4674B00B333DA /* StdLibExtensions.swift */ = {isa = PBXFileReference; fileEncoding = 4; lastKnownFileType = sourcecode.swift; path = StdLibExtensions.swift; sourceTree = "<group>"; };
		79E6DDFA25B4674B00B333DA /* CombineExtensions.swift */ = {isa = PBXFileReference; fileEncoding = 4; lastKnownFileType = sourcecode.swift; path = CombineExtensions.swift; sourceTree = "<group>"; };
		79E6DDFB25B4674B00B333DA /* Throw.swift */ = {isa = PBXFileReference; fileEncoding = 4; lastKnownFileType = sourcecode.swift; path = Throw.swift; sourceTree = "<group>"; };
		79E6DDFC25B4674C00B333DA /* URL+DocumentsDirectory.swift */ = {isa = PBXFileReference; fileEncoding = 4; lastKnownFileType = sourcecode.swift; path = "URL+DocumentsDirectory.swift"; sourceTree = "<group>"; };
		79E6DE0825B4678100B333DA /* SwiftUI+DevTools.swift */ = {isa = PBXFileReference; fileEncoding = 4; lastKnownFileType = sourcecode.swift; path = "SwiftUI+DevTools.swift"; sourceTree = "<group>"; };
		79E6DE0D25B467AA00B333DA /* Environment+SubscriptByKey.swift */ = {isa = PBXFileReference; fileEncoding = 4; lastKnownFileType = sourcecode.swift; path = "Environment+SubscriptByKey.swift"; sourceTree = "<group>"; };
		79E6DE0E25B467AA00B333DA /* OnFirstAppear.swift */ = {isa = PBXFileReference; fileEncoding = 4; lastKnownFileType = sourcecode.swift; path = OnFirstAppear.swift; sourceTree = "<group>"; };
		79E6DE1625B4681A00B333DA /* ScreenRecorder.swift */ = {isa = PBXFileReference; lastKnownFileType = sourcecode.swift; path = ScreenRecorder.swift; sourceTree = "<group>"; };
		79F5A13B25BDBC3C00666008 /* CocoaExtensions.swift */ = {isa = PBXFileReference; lastKnownFileType = sourcecode.swift; path = CocoaExtensions.swift; sourceTree = "<group>"; };
		79F5A14125BDBCA300666008 /* WindowInfo.swift */ = {isa = PBXFileReference; lastKnownFileType = sourcecode.swift; path = WindowInfo.swift; sourceTree = "<group>"; };
/* End PBXFileReference section */

/* Begin PBXFrameworksBuildPhase section */
		79E6DDBE25B44DE600B333DA /* Frameworks */ = {
			isa = PBXFrameworksBuildPhase;
			buildActionMask = 2147483647;
			files = (
				79AD0C0625B46F0B00CB83C1 /* CombineExt in Frameworks */,
				79AD0C1125B474F600CB83C1 /* Introspect in Frameworks */,
			);
			runOnlyForDeploymentPostprocessing = 0;
		};
		79E6DDD025B44DE900B333DA /* Frameworks */ = {
			isa = PBXFrameworksBuildPhase;
			buildActionMask = 2147483647;
			files = (
			);
			runOnlyForDeploymentPostprocessing = 0;
		};
		79E6DDDB25B44DE900B333DA /* Frameworks */ = {
			isa = PBXFrameworksBuildPhase;
			buildActionMask = 2147483647;
			files = (
			);
			runOnlyForDeploymentPostprocessing = 0;
		};
/* End PBXFrameworksBuildPhase section */

/* Begin PBXGroup section */
		7923E3AA25BA0B6400A1CE40 /* Playground */ = {
			isa = PBXGroup;
			children = (
				7923E3AB25BA0B6E00A1CE40 /* Playground.swift */,
			);
			path = Playground;
			sourceTree = "<group>";
		};
		79E6DDB825B44DE600B333DA = {
			isa = PBXGroup;
			children = (
				7923E3AA25BA0B6400A1CE40 /* Playground */,
				79E6DDF325B44E9F00B333DA /* README.md */,
				79E6DDC325B44DE600B333DA /* BigBrother */,
				79E6DDD625B44DE900B333DA /* BigBrotherTests */,
				79E6DDE125B44DE900B333DA /* BigBrotherUITests */,
				79E6DDC225B44DE600B333DA /* Products */,
			);
			sourceTree = "<group>";
		};
		79E6DDC225B44DE600B333DA /* Products */ = {
			isa = PBXGroup;
			children = (
				79E6DDC125B44DE600B333DA /* BigBrother.app */,
				79E6DDD325B44DE900B333DA /* BigBrotherTests.xctest */,
				79E6DDDE25B44DE900B333DA /* BigBrotherUITests.xctest */,
			);
			name = Products;
			sourceTree = "<group>";
		};
		79E6DDC325B44DE600B333DA /* BigBrother */ = {
			isa = PBXGroup;
			children = (
				799CE09725B64F6400B19853 /* VanGogh.mlmodel */,
				79E6DDF425B4671700B333DA /* Helpers */,
				79E6DE1525B467CD00B333DA /* Services */,
				79F5A14025BDBC9700666008 /* Model */,
				79E6DE1425B467BF00B333DA /* Features */,
				79E6DDC425B44DE600B333DA /* BigBrotherApp.swift */,
				79E6DDC825B44DE800B333DA /* Assets.xcassets */,
				79E6DDCD25B44DE800B333DA /* Info.plist */,
				79E6DDCE25B44DE800B333DA /* BigBrother.entitlements */,
				79E6DDCA25B44DE800B333DA /* Preview Content */,
			);
			path = BigBrother;
			sourceTree = "<group>";
		};
		79E6DDCA25B44DE800B333DA /* Preview Content */ = {
			isa = PBXGroup;
			children = (
				79E6DDCB25B44DE800B333DA /* Preview Assets.xcassets */,
			);
			path = "Preview Content";
			sourceTree = "<group>";
		};
		79E6DDD625B44DE900B333DA /* BigBrotherTests */ = {
			isa = PBXGroup;
			children = (
				79E6DDD725B44DE900B333DA /* BigBrotherTests.swift */,
				79E6DDD925B44DE900B333DA /* Info.plist */,
			);
			path = BigBrotherTests;
			sourceTree = "<group>";
		};
		79E6DDE125B44DE900B333DA /* BigBrotherUITests */ = {
			isa = PBXGroup;
			children = (
				79E6DDE225B44DE900B333DA /* BigBrotherUITests.swift */,
				79E6DDE425B44DE900B333DA /* Info.plist */,
			);
			path = BigBrotherUITests;
			sourceTree = "<group>";
		};
		79E6DDF425B4671700B333DA /* Helpers */ = {
			isa = PBXGroup;
			children = (
				799CE09C25B65A3600B19853 /* CVPixelBuffer+Helpers.swift */,
				79E6DE0D25B467AA00B333DA /* Environment+SubscriptByKey.swift */,
				79E6DE0E25B467AA00B333DA /* OnFirstAppear.swift */,
				79E6DE0825B4678100B333DA /* SwiftUI+DevTools.swift */,
				79E6DDFA25B4674B00B333DA /* CombineExtensions.swift */,
				79E6DDF825B4674A00B333DA /* FoundationExtensions.swift */,
				79E6DDF725B4674A00B333DA /* FP.swift */,
				79E6DDF525B4674900B333DA /* SImpleError.swift */,
				79E6DDF925B4674B00B333DA /* StdLibExtensions.swift */,
				79E6DDFB25B4674B00B333DA /* Throw.swift */,
				79E6DDF625B4674A00B333DA /* Unit.swift */,
				79E6DDFC25B4674C00B333DA /* URL+DocumentsDirectory.swift */,
				79AD0C0A25B46F6E00CB83C1 /* Reference.swift */,
				799CE08F25B62C5A00B19853 /* Introspect+NSWindow.swift */,
				799CE0A125B672A900B19853 /* Binding+Mock.swift */,
				79F5A13B25BDBC3C00666008 /* CocoaExtensions.swift */,
			);
			path = Helpers;
			sourceTree = "<group>";
		};
		79E6DE1425B467BF00B333DA /* Features */ = {
			isa = PBXGroup;
			children = (
				79E6DDC625B44DE600B333DA /* ScreenRecorderView.swift */,
			);
			path = Features;
			sourceTree = "<group>";
		};
		79E6DE1525B467CD00B333DA /* Services */ = {
			isa = PBXGroup;
			children = (
				79E6DE1625B4681A00B333DA /* ScreenRecorder.swift */,
			);
			path = Services;
			sourceTree = "<group>";
		};
		79F5A14025BDBC9700666008 /* Model */ = {
			isa = PBXGroup;
			children = (
				79F5A14125BDBCA300666008 /* WindowInfo.swift */,
			);
			path = Model;
			sourceTree = "<group>";
		};
/* End PBXGroup section */

/* Begin PBXNativeTarget section */
		79E6DDC025B44DE600B333DA /* BigBrother */ = {
			isa = PBXNativeTarget;
			buildConfigurationList = 79E6DDE725B44DE900B333DA /* Build configuration list for PBXNativeTarget "BigBrother" */;
			buildPhases = (
				79E6DDBD25B44DE600B333DA /* Sources */,
				79E6DDBE25B44DE600B333DA /* Frameworks */,
				79E6DDBF25B44DE600B333DA /* Resources */,
			);
			buildRules = (
			);
			dependencies = (
			);
			name = BigBrother;
			packageProductDependencies = (
				79AD0C0525B46F0B00CB83C1 /* CombineExt */,
				79AD0C1025B474F600CB83C1 /* Introspect */,
			);
			productName = BigBrother;
			productReference = 79E6DDC125B44DE600B333DA /* BigBrother.app */;
			productType = "com.apple.product-type.application";
		};
		79E6DDD225B44DE900B333DA /* BigBrotherTests */ = {
			isa = PBXNativeTarget;
			buildConfigurationList = 79E6DDEA25B44DE900B333DA /* Build configuration list for PBXNativeTarget "BigBrotherTests" */;
			buildPhases = (
				79E6DDCF25B44DE900B333DA /* Sources */,
				79E6DDD025B44DE900B333DA /* Frameworks */,
				79E6DDD125B44DE900B333DA /* Resources */,
			);
			buildRules = (
			);
			dependencies = (
				79E6DDD525B44DE900B333DA /* PBXTargetDependency */,
			);
			name = BigBrotherTests;
			productName = BigBrotherTests;
			productReference = 79E6DDD325B44DE900B333DA /* BigBrotherTests.xctest */;
			productType = "com.apple.product-type.bundle.unit-test";
		};
		79E6DDDD25B44DE900B333DA /* BigBrotherUITests */ = {
			isa = PBXNativeTarget;
			buildConfigurationList = 79E6DDED25B44DE900B333DA /* Build configuration list for PBXNativeTarget "BigBrotherUITests" */;
			buildPhases = (
				79E6DDDA25B44DE900B333DA /* Sources */,
				79E6DDDB25B44DE900B333DA /* Frameworks */,
				79E6DDDC25B44DE900B333DA /* Resources */,
			);
			buildRules = (
			);
			dependencies = (
				79E6DDE025B44DE900B333DA /* PBXTargetDependency */,
			);
			name = BigBrotherUITests;
			productName = BigBrotherUITests;
			productReference = 79E6DDDE25B44DE900B333DA /* BigBrotherUITests.xctest */;
			productType = "com.apple.product-type.bundle.ui-testing";
		};
/* End PBXNativeTarget section */

/* Begin PBXProject section */
		79E6DDB925B44DE600B333DA /* Project object */ = {
			isa = PBXProject;
			attributes = {
				LastSwiftUpdateCheck = 1230;
				LastUpgradeCheck = 1230;
				TargetAttributes = {
					79E6DDC025B44DE600B333DA = {
						CreatedOnToolsVersion = 12.3;
					};
					79E6DDD225B44DE900B333DA = {
						CreatedOnToolsVersion = 12.3;
						TestTargetID = 79E6DDC025B44DE600B333DA;
					};
					79E6DDDD25B44DE900B333DA = {
						CreatedOnToolsVersion = 12.3;
						TestTargetID = 79E6DDC025B44DE600B333DA;
					};
				};
			};
			buildConfigurationList = 79E6DDBC25B44DE600B333DA /* Build configuration list for PBXProject "BigBrother" */;
			compatibilityVersion = "Xcode 9.3";
			developmentRegion = en;
			hasScannedForEncodings = 0;
			knownRegions = (
				en,
				Base,
			);
			mainGroup = 79E6DDB825B44DE600B333DA;
			packageReferences = (
				79AD0C0425B46F0B00CB83C1 /* XCRemoteSwiftPackageReference "CombineExt" */,
				79AD0C0F25B474F600CB83C1 /* XCRemoteSwiftPackageReference "SwiftUI-Introspect" */,
			);
			productRefGroup = 79E6DDC225B44DE600B333DA /* Products */;
			projectDirPath = "";
			projectRoot = "";
			targets = (
				79E6DDC025B44DE600B333DA /* BigBrother */,
				79E6DDD225B44DE900B333DA /* BigBrotherTests */,
				79E6DDDD25B44DE900B333DA /* BigBrotherUITests */,
			);
		};
/* End PBXProject section */

/* Begin PBXResourcesBuildPhase section */
		79E6DDBF25B44DE600B333DA /* Resources */ = {
			isa = PBXResourcesBuildPhase;
			buildActionMask = 2147483647;
			files = (
				79E6DDCC25B44DE800B333DA /* Preview Assets.xcassets in Resources */,
				79E6DDC925B44DE800B333DA /* Assets.xcassets in Resources */,
			);
			runOnlyForDeploymentPostprocessing = 0;
		};
		79E6DDD125B44DE900B333DA /* Resources */ = {
			isa = PBXResourcesBuildPhase;
			buildActionMask = 2147483647;
			files = (
			);
			runOnlyForDeploymentPostprocessing = 0;
		};
		79E6DDDC25B44DE900B333DA /* Resources */ = {
			isa = PBXResourcesBuildPhase;
			buildActionMask = 2147483647;
			files = (
			);
			runOnlyForDeploymentPostprocessing = 0;
		};
/* End PBXResourcesBuildPhase section */

/* Begin PBXSourcesBuildPhase section */
		79E6DDBD25B44DE600B333DA /* Sources */ = {
			isa = PBXSourcesBuildPhase;
			buildActionMask = 2147483647;
			files = (
				79AD0C0B25B46F6E00CB83C1 /* Reference.swift in Sources */,
				79F5A13C25BDBC3C00666008 /* CocoaExtensions.swift in Sources */,
				79E6DE0925B4678100B333DA /* SwiftUI+DevTools.swift in Sources */,
				79E6DDC725B44DE600B333DA /* ScreenRecorderView.swift in Sources */,
				799CE09025B62C5A00B19853 /* Introspect+NSWindow.swift in Sources */,
				79E6DDFE25B4674C00B333DA /* Unit.swift in Sources */,
				79E6DE0025B4674C00B333DA /* FoundationExtensions.swift in Sources */,
				79E6DE1025B467AA00B333DA /* OnFirstAppear.swift in Sources */,
				79E6DDFD25B4674C00B333DA /* SImpleError.swift in Sources */,
				79F5A14225BDBCA300666008 /* WindowInfo.swift in Sources */,
				79E6DDFF25B4674C00B333DA /* FP.swift in Sources */,
				799CE0A225B672A900B19853 /* Binding+Mock.swift in Sources */,
				79E6DE1725B4681A00B333DA /* ScreenRecorder.swift in Sources */,
				79E6DDC525B44DE600B333DA /* BigBrotherApp.swift in Sources */,
				79E6DE0325B4674C00B333DA /* Throw.swift in Sources */,
				799CE09825B64F6400B19853 /* VanGogh.mlmodel in Sources */,
				79E6DE0F25B467AA00B333DA /* Environment+SubscriptByKey.swift in Sources */,
				79E6DE0125B4674C00B333DA /* StdLibExtensions.swift in Sources */,
				7923E3AC25BA0B6E00A1CE40 /* Playground.swift in Sources */,
				799CE09D25B65A3600B19853 /* CVPixelBuffer+Helpers.swift in Sources */,
				79E6DE0425B4674C00B333DA /* URL+DocumentsDirectory.swift in Sources */,
				79E6DE0225B4674C00B333DA /* CombineExtensions.swift in Sources */,
			);
			runOnlyForDeploymentPostprocessing = 0;
		};
		79E6DDCF25B44DE900B333DA /* Sources */ = {
			isa = PBXSourcesBuildPhase;
			buildActionMask = 2147483647;
			files = (
				79E6DDD825B44DE900B333DA /* BigBrotherTests.swift in Sources */,
			);
			runOnlyForDeploymentPostprocessing = 0;
		};
		79E6DDDA25B44DE900B333DA /* Sources */ = {
			isa = PBXSourcesBuildPhase;
			buildActionMask = 2147483647;
			files = (
				79E6DDE325B44DE900B333DA /* BigBrotherUITests.swift in Sources */,
			);
			runOnlyForDeploymentPostprocessing = 0;
		};
/* End PBXSourcesBuildPhase section */

/* Begin PBXTargetDependency section */
		79E6DDD525B44DE900B333DA /* PBXTargetDependency */ = {
			isa = PBXTargetDependency;
			target = 79E6DDC025B44DE600B333DA /* BigBrother */;
			targetProxy = 79E6DDD425B44DE900B333DA /* PBXContainerItemProxy */;
		};
		79E6DDE025B44DE900B333DA /* PBXTargetDependency */ = {
			isa = PBXTargetDependency;
			target = 79E6DDC025B44DE600B333DA /* BigBrother */;
			targetProxy = 79E6DDDF25B44DE900B333DA /* PBXContainerItemProxy */;
		};
/* End PBXTargetDependency section */

/* Begin XCBuildConfiguration section */
		79E6DDE525B44DE900B333DA /* Debug */ = {
			isa = XCBuildConfiguration;
			buildSettings = {
				ALWAYS_SEARCH_USER_PATHS = NO;
				CLANG_ANALYZER_NONNULL = YES;
				CLANG_ANALYZER_NUMBER_OBJECT_CONVERSION = YES_AGGRESSIVE;
				CLANG_CXX_LANGUAGE_STANDARD = "gnu++14";
				CLANG_CXX_LIBRARY = "libc++";
				CLANG_ENABLE_MODULES = YES;
				CLANG_ENABLE_OBJC_ARC = YES;
				CLANG_ENABLE_OBJC_WEAK = YES;
				CLANG_WARN_BLOCK_CAPTURE_AUTORELEASING = YES;
				CLANG_WARN_BOOL_CONVERSION = YES;
				CLANG_WARN_COMMA = YES;
				CLANG_WARN_CONSTANT_CONVERSION = YES;
				CLANG_WARN_DEPRECATED_OBJC_IMPLEMENTATIONS = YES;
				CLANG_WARN_DIRECT_OBJC_ISA_USAGE = YES_ERROR;
				CLANG_WARN_DOCUMENTATION_COMMENTS = YES;
				CLANG_WARN_EMPTY_BODY = YES;
				CLANG_WARN_ENUM_CONVERSION = YES;
				CLANG_WARN_INFINITE_RECURSION = YES;
				CLANG_WARN_INT_CONVERSION = YES;
				CLANG_WARN_NON_LITERAL_NULL_CONVERSION = YES;
				CLANG_WARN_OBJC_IMPLICIT_RETAIN_SELF = YES;
				CLANG_WARN_OBJC_LITERAL_CONVERSION = YES;
				CLANG_WARN_OBJC_ROOT_CLASS = YES_ERROR;
				CLANG_WARN_QUOTED_INCLUDE_IN_FRAMEWORK_HEADER = YES;
				CLANG_WARN_RANGE_LOOP_ANALYSIS = YES;
				CLANG_WARN_STRICT_PROTOTYPES = YES;
				CLANG_WARN_SUSPICIOUS_MOVE = YES;
				CLANG_WARN_UNGUARDED_AVAILABILITY = YES_AGGRESSIVE;
				CLANG_WARN_UNREACHABLE_CODE = YES;
				CLANG_WARN__DUPLICATE_METHOD_MATCH = YES;
				COPY_PHASE_STRIP = NO;
				DEBUG_INFORMATION_FORMAT = dwarf;
				ENABLE_STRICT_OBJC_MSGSEND = YES;
				ENABLE_TESTABILITY = YES;
				GCC_C_LANGUAGE_STANDARD = gnu11;
				GCC_DYNAMIC_NO_PIC = NO;
				GCC_NO_COMMON_BLOCKS = YES;
				GCC_OPTIMIZATION_LEVEL = 0;
				GCC_PREPROCESSOR_DEFINITIONS = (
					"DEBUG=1",
					"$(inherited)",
				);
				GCC_WARN_64_TO_32_BIT_CONVERSION = YES;
				GCC_WARN_ABOUT_RETURN_TYPE = YES_ERROR;
				GCC_WARN_UNDECLARED_SELECTOR = YES;
				GCC_WARN_UNINITIALIZED_AUTOS = YES_AGGRESSIVE;
				GCC_WARN_UNUSED_FUNCTION = YES;
				GCC_WARN_UNUSED_VARIABLE = YES;
				MACOSX_DEPLOYMENT_TARGET = 11.1;
				MTL_ENABLE_DEBUG_INFO = INCLUDE_SOURCE;
				MTL_FAST_MATH = YES;
				ONLY_ACTIVE_ARCH = YES;
				OTHER_SWIFT_FLAGS = "-Xfrontend -warn-long-expression-type-checking=100";
				SDKROOT = macosx;
				SWIFT_ACTIVE_COMPILATION_CONDITIONS = DEBUG;
				SWIFT_OPTIMIZATION_LEVEL = "-Onone";
			};
			name = Debug;
		};
		79E6DDE625B44DE900B333DA /* Release */ = {
			isa = XCBuildConfiguration;
			buildSettings = {
				ALWAYS_SEARCH_USER_PATHS = NO;
				CLANG_ANALYZER_NONNULL = YES;
				CLANG_ANALYZER_NUMBER_OBJECT_CONVERSION = YES_AGGRESSIVE;
				CLANG_CXX_LANGUAGE_STANDARD = "gnu++14";
				CLANG_CXX_LIBRARY = "libc++";
				CLANG_ENABLE_MODULES = YES;
				CLANG_ENABLE_OBJC_ARC = YES;
				CLANG_ENABLE_OBJC_WEAK = YES;
				CLANG_WARN_BLOCK_CAPTURE_AUTORELEASING = YES;
				CLANG_WARN_BOOL_CONVERSION = YES;
				CLANG_WARN_COMMA = YES;
				CLANG_WARN_CONSTANT_CONVERSION = YES;
				CLANG_WARN_DEPRECATED_OBJC_IMPLEMENTATIONS = YES;
				CLANG_WARN_DIRECT_OBJC_ISA_USAGE = YES_ERROR;
				CLANG_WARN_DOCUMENTATION_COMMENTS = YES;
				CLANG_WARN_EMPTY_BODY = YES;
				CLANG_WARN_ENUM_CONVERSION = YES;
				CLANG_WARN_INFINITE_RECURSION = YES;
				CLANG_WARN_INT_CONVERSION = YES;
				CLANG_WARN_NON_LITERAL_NULL_CONVERSION = YES;
				CLANG_WARN_OBJC_IMPLICIT_RETAIN_SELF = YES;
				CLANG_WARN_OBJC_LITERAL_CONVERSION = YES;
				CLANG_WARN_OBJC_ROOT_CLASS = YES_ERROR;
				CLANG_WARN_QUOTED_INCLUDE_IN_FRAMEWORK_HEADER = YES;
				CLANG_WARN_RANGE_LOOP_ANALYSIS = YES;
				CLANG_WARN_STRICT_PROTOTYPES = YES;
				CLANG_WARN_SUSPICIOUS_MOVE = YES;
				CLANG_WARN_UNGUARDED_AVAILABILITY = YES_AGGRESSIVE;
				CLANG_WARN_UNREACHABLE_CODE = YES;
				CLANG_WARN__DUPLICATE_METHOD_MATCH = YES;
				COPY_PHASE_STRIP = NO;
				DEBUG_INFORMATION_FORMAT = "dwarf-with-dsym";
				ENABLE_NS_ASSERTIONS = NO;
				ENABLE_STRICT_OBJC_MSGSEND = YES;
				GCC_C_LANGUAGE_STANDARD = gnu11;
				GCC_NO_COMMON_BLOCKS = YES;
				GCC_WARN_64_TO_32_BIT_CONVERSION = YES;
				GCC_WARN_ABOUT_RETURN_TYPE = YES_ERROR;
				GCC_WARN_UNDECLARED_SELECTOR = YES;
				GCC_WARN_UNINITIALIZED_AUTOS = YES_AGGRESSIVE;
				GCC_WARN_UNUSED_FUNCTION = YES;
				GCC_WARN_UNUSED_VARIABLE = YES;
				MACOSX_DEPLOYMENT_TARGET = 11.1;
				MTL_ENABLE_DEBUG_INFO = NO;
				MTL_FAST_MATH = YES;
				OTHER_SWIFT_FLAGS = "-Xfrontend -warn-long-expression-type-checking=100";
				SDKROOT = macosx;
				SWIFT_COMPILATION_MODE = wholemodule;
				SWIFT_OPTIMIZATION_LEVEL = "-O";
			};
			name = Release;
		};
		79E6DDE825B44DE900B333DA /* Debug */ = {
			isa = XCBuildConfiguration;
			buildSettings = {
				ASSETCATALOG_COMPILER_APPICON_NAME = AppIcon;
				ASSETCATALOG_COMPILER_GLOBAL_ACCENT_COLOR_NAME = AccentColor;
				CODE_SIGN_ENTITLEMENTS = BigBrother/BigBrother.entitlements;
				CODE_SIGN_STYLE = Automatic;
				COMBINE_HIDPI_IMAGES = YES;
				DEVELOPMENT_ASSET_PATHS = "\"BigBrother/Preview Content\"";
				DEVELOPMENT_TEAM = 76EHURWG2W;
				ENABLE_HARDENED_RUNTIME = YES;
				ENABLE_PREVIEWS = YES;
				INFOPLIST_FILE = BigBrother/Info.plist;
				LD_RUNPATH_SEARCH_PATHS = (
					"$(inherited)",
					"@executable_path/../Frameworks",
				);
				MACOSX_DEPLOYMENT_TARGET = 11.0;
				PRODUCT_BUNDLE_IDENTIFIER = cz.pteasima.BigBrother;
				PRODUCT_NAME = "$(TARGET_NAME)";
				SWIFT_VERSION = 5.0;
			};
			name = Debug;
		};
		79E6DDE925B44DE900B333DA /* Release */ = {
			isa = XCBuildConfiguration;
			buildSettings = {
				ASSETCATALOG_COMPILER_APPICON_NAME = AppIcon;
				ASSETCATALOG_COMPILER_GLOBAL_ACCENT_COLOR_NAME = AccentColor;
				CODE_SIGN_ENTITLEMENTS = BigBrother/BigBrother.entitlements;
				CODE_SIGN_STYLE = Automatic;
				COMBINE_HIDPI_IMAGES = YES;
				DEVELOPMENT_ASSET_PATHS = "\"BigBrother/Preview Content\"";
				DEVELOPMENT_TEAM = 76EHURWG2W;
				ENABLE_HARDENED_RUNTIME = YES;
				ENABLE_PREVIEWS = YES;
				INFOPLIST_FILE = BigBrother/Info.plist;
				LD_RUNPATH_SEARCH_PATHS = (
					"$(inherited)",
					"@executable_path/../Frameworks",
				);
				MACOSX_DEPLOYMENT_TARGET = 11.0;
				PRODUCT_BUNDLE_IDENTIFIER = cz.pteasima.BigBrother;
				PRODUCT_NAME = "$(TARGET_NAME)";
				SWIFT_VERSION = 5.0;
			};
			name = Release;
		};
		79E6DDEB25B44DE900B333DA /* Debug */ = {
			isa = XCBuildConfiguration;
			buildSettings = {
				ALWAYS_EMBED_SWIFT_STANDARD_LIBRARIES = YES;
				BUNDLE_LOADER = "$(TEST_HOST)";
				CODE_SIGN_STYLE = Automatic;
				COMBINE_HIDPI_IMAGES = YES;
				DEVELOPMENT_TEAM = 76EHURWG2W;
				INFOPLIST_FILE = BigBrotherTests/Info.plist;
				LD_RUNPATH_SEARCH_PATHS = (
					"$(inherited)",
					"@executable_path/../Frameworks",
					"@loader_path/../Frameworks",
				);
				MACOSX_DEPLOYMENT_TARGET = 11.0;
				PRODUCT_BUNDLE_IDENTIFIER = cz.pteasima.BigBrotherTests;
				PRODUCT_NAME = "$(TARGET_NAME)";
				SWIFT_VERSION = 5.0;
				TEST_HOST = "$(BUILT_PRODUCTS_DIR)/BigBrother.app/Contents/MacOS/BigBrother";
			};
			name = Debug;
		};
		79E6DDEC25B44DE900B333DA /* Release */ = {
			isa = XCBuildConfiguration;
			buildSettings = {
				ALWAYS_EMBED_SWIFT_STANDARD_LIBRARIES = YES;
				BUNDLE_LOADER = "$(TEST_HOST)";
				CODE_SIGN_STYLE = Automatic;
				COMBINE_HIDPI_IMAGES = YES;
				DEVELOPMENT_TEAM = 76EHURWG2W;
				INFOPLIST_FILE = BigBrotherTests/Info.plist;
				LD_RUNPATH_SEARCH_PATHS = (
					"$(inherited)",
					"@executable_path/../Frameworks",
					"@loader_path/../Frameworks",
				);
				MACOSX_DEPLOYMENT_TARGET = 11.0;
				PRODUCT_BUNDLE_IDENTIFIER = cz.pteasima.BigBrotherTests;
				PRODUCT_NAME = "$(TARGET_NAME)";
				SWIFT_VERSION = 5.0;
				TEST_HOST = "$(BUILT_PRODUCTS_DIR)/BigBrother.app/Contents/MacOS/BigBrother";
			};
			name = Release;
		};
		79E6DDEE25B44DE900B333DA /* Debug */ = {
			isa = XCBuildConfiguration;
			buildSettings = {
				ALWAYS_EMBED_SWIFT_STANDARD_LIBRARIES = YES;
				CODE_SIGN_STYLE = Automatic;
				COMBINE_HIDPI_IMAGES = YES;
				DEVELOPMENT_TEAM = 76EHURWG2W;
				INFOPLIST_FILE = BigBrotherUITests/Info.plist;
				LD_RUNPATH_SEARCH_PATHS = (
					"$(inherited)",
					"@executable_path/../Frameworks",
					"@loader_path/../Frameworks",
				);
				PRODUCT_BUNDLE_IDENTIFIER = cz.pteasima.BigBrotherUITests;
				PRODUCT_NAME = "$(TARGET_NAME)";
				SWIFT_VERSION = 5.0;
				TEST_TARGET_NAME = BigBrother;
			};
			name = Debug;
		};
		79E6DDEF25B44DE900B333DA /* Release */ = {
			isa = XCBuildConfiguration;
			buildSettings = {
				ALWAYS_EMBED_SWIFT_STANDARD_LIBRARIES = YES;
				CODE_SIGN_STYLE = Automatic;
				COMBINE_HIDPI_IMAGES = YES;
				DEVELOPMENT_TEAM = 76EHURWG2W;
				INFOPLIST_FILE = BigBrotherUITests/Info.plist;
				LD_RUNPATH_SEARCH_PATHS = (
					"$(inherited)",
					"@executable_path/../Frameworks",
					"@loader_path/../Frameworks",
				);
				PRODUCT_BUNDLE_IDENTIFIER = cz.pteasima.BigBrotherUITests;
				PRODUCT_NAME = "$(TARGET_NAME)";
				SWIFT_VERSION = 5.0;
				TEST_TARGET_NAME = BigBrother;
			};
			name = Release;
		};
/* End XCBuildConfiguration section */

/* Begin XCConfigurationList section */
		79E6DDBC25B44DE600B333DA /* Build configuration list for PBXProject "BigBrother" */ = {
			isa = XCConfigurationList;
			buildConfigurations = (
				79E6DDE525B44DE900B333DA /* Debug */,
				79E6DDE625B44DE900B333DA /* Release */,
			);
			defaultConfigurationIsVisible = 0;
			defaultConfigurationName = Release;
		};
		79E6DDE725B44DE900B333DA /* Build configuration list for PBXNativeTarget "BigBrother" */ = {
			isa = XCConfigurationList;
			buildConfigurations = (
				79E6DDE825B44DE900B333DA /* Debug */,
				79E6DDE925B44DE900B333DA /* Release */,
			);
			defaultConfigurationIsVisible = 0;
			defaultConfigurationName = Release;
		};
		79E6DDEA25B44DE900B333DA /* Build configuration list for PBXNativeTarget "BigBrotherTests" */ = {
			isa = XCConfigurationList;
			buildConfigurations = (
				79E6DDEB25B44DE900B333DA /* Debug */,
				79E6DDEC25B44DE900B333DA /* Release */,
			);
			defaultConfigurationIsVisible = 0;
			defaultConfigurationName = Release;
		};
		79E6DDED25B44DE900B333DA /* Build configuration list for PBXNativeTarget "BigBrotherUITests" */ = {
			isa = XCConfigurationList;
			buildConfigurations = (
				79E6DDEE25B44DE900B333DA /* Debug */,
				79E6DDEF25B44DE900B333DA /* Release */,
			);
			defaultConfigurationIsVisible = 0;
			defaultConfigurationName = Release;
		};
/* End XCConfigurationList section */

/* Begin XCRemoteSwiftPackageReference section */
		79AD0C0425B46F0B00CB83C1 /* XCRemoteSwiftPackageReference "CombineExt" */ = {
			isa = XCRemoteSwiftPackageReference;
			repositoryURL = "https://github.com/CombineCommunity/CombineExt.git";
			requirement = {
				kind = upToNextMajorVersion;
				minimumVersion = 1.2.0;
			};
		};
		79AD0C0F25B474F600CB83C1 /* XCRemoteSwiftPackageReference "SwiftUI-Introspect" */ = {
			isa = XCRemoteSwiftPackageReference;
			repositoryURL = "https://github.com/siteline/SwiftUI-Introspect.git";
			requirement = {
				kind = upToNextMajorVersion;
				minimumVersion = 0.1.2;
			};
		};
/* End XCRemoteSwiftPackageReference section */

/* Begin XCSwiftPackageProductDependency section */
		79AD0C0525B46F0B00CB83C1 /* CombineExt */ = {
			isa = XCSwiftPackageProductDependency;
			package = 79AD0C0425B46F0B00CB83C1 /* XCRemoteSwiftPackageReference "CombineExt" */;
			productName = CombineExt;
		};
		79AD0C1025B474F600CB83C1 /* Introspect */ = {
			isa = XCSwiftPackageProductDependency;
			package = 79AD0C0F25B474F600CB83C1 /* XCRemoteSwiftPackageReference "SwiftUI-Introspect" */;
			productName = Introspect;
		};
/* End XCSwiftPackageProductDependency section */
	};
	rootObject = 79E6DDB925B44DE600B333DA /* Project object */;
}
